PODS:
  - couchbase-lite-ios (1.4.1):
    - couchbase-lite-ios/SQLite (= 1.4.1)
  - couchbase-lite-ios/SQLite (1.4.1)
  - HTagView (3.0.1)
  - QRCode (2.0)
  - QRCodeReader.swift (8.0.4)
  - SCrypto (3.0.1)

DEPENDENCIES:
  - couchbase-lite-ios (~> 1.3)
  - HTagView
  - QRCode
  - QRCodeReader.swift
  - SCrypto

SPEC CHECKSUMS:
  couchbase-lite-ios: 7c875538a0fc55a7e9744edb4e89c23737686230
  HTagView: de2694af9400d9ef7e8e2bb05da2481572a56257
  QRCode: f98a1886c8f37523704a7512a4c0cd45b34c18a4
  QRCodeReader.swift: 9730cfa7ed5f0dd839765df8cf18d41db20e4081
  SCrypto: 10567b754bf793d54ec703cb4d3610c3a41e5aba

PODFILE CHECKSUM: f84cac164cce3b8e0b689416441e12e73e472101

COCOAPODS: 1.3.1
