PODS:
  - couchbase-lite-ios (1.4.0):
    - couchbase-lite-ios/SQLite (= 1.4.0)
  - couchbase-lite-ios/SQLite (1.4.0)
  - HTagView (2.1.1)
  - QRCode (2.0)
  - QRCodeReader.swift (7.4.0)

DEPENDENCIES:
  - couchbase-lite-ios (~> 1.3)
  - HTagView
  - QRCode
  - QRCodeReader.swift

SPEC CHECKSUMS:
  couchbase-lite-ios: 5b9f59ce74c2d981c41795f0949d31354d90c459
  HTagView: 1fd0b80e7a9326fbe22e2a6a7c8b3230baaff8b8
  QRCode: f98a1886c8f37523704a7512a4c0cd45b34c18a4
  QRCodeReader.swift: 759a4320cd9005ecc94abdb4aaf0eb72fcd359d0

PODFILE CHECKSUM: 375bbf624c60e56c93923f9cc16e03421c498761

COCOAPODS: 1.0.1
